<?xml version="1.0" encoding="utf-8"?>
<Project ToolsVersion="4.0" xmlns="http://schemas.microsoft.com/developer/msbuild/2003">
  <ItemGroup>
    <Filter Include="Source Files">
      <UniqueIdentifier>{26E28AFD-8CFD-4B0B-B612-45553BA44B20}</UniqueIdentifier>
      <Extensions>cpp;c;cc;cxx;def;odl;idl;hpj;bat;asm;asmx</Extensions>
    </Filter>
    <Filter Include="Header Files">
      <UniqueIdentifier>{DF2C8054-6EA0-48C2-91EB-E2B2E6CB4AD4}</UniqueIdentifier>
      <Extensions>h;hpp;hxx;hm;inl;inc;xsd</Extensions>
    </Filter>
    <Filter Include="Resource Files">
      <UniqueIdentifier>{0843BC61-06D0-4592-849F-0BEB7C75DE1C}</UniqueIdentifier>
      <Extensions>rc;ico;cur;bmp;dlg;rc2;rct;bin;res;gif;jpg;jpeg;png</Extensions>
    </Filter>
    <Filter Include="Scripts">
      <UniqueIdentifier>{6DF4F779-906C-48C6-B706-1E4B23B458AB}</UniqueIdentifier>
    </Filter>
  </ItemGroup>
  <ItemGroup>
    <ClCompile Include="src\app.cpp">
      <Filter>Source Files</Filter>
    </ClCompile>
    <ClCompile Include="src\core\analysis_engine.cpp">
      <Filter>Source Files</Filter>
    </ClCompile>
    <ClCompile Include="src\config\app_config.cpp">
      <Filter>Source Files</Filter>
    </ClCompile>
    <ClCompile Include="src\detector\map_format_detector.cpp">
      <Filter>Source Files</Filter>
    </ClCompile>
    <ClCompile Include="src\parser\gcc_map_parser.cpp">
      <Filter>Source Files</Filter>
    </ClCompile>
    <ClCompile Include="src\parser\ghs_map_parser.cpp">
      <Filter>Source Files</Filter>
    </ClCompile>
    <ClCompile Include="src\parser\iar_map_parser.cpp">
      <Filter>Source Files</Filter>
    </ClCompile>
    <ClCompile Include="src\main.cpp">
      <Filter>Source Files</Filter>
    </ClCompile>
    <ClCompile Include="src\main_frame.cpp">
      <Filter>Source Files</Filter>
    </ClCompile>
    <ClCompile Include="src\parser\keil_map_parser.cpp">
      <Filter>Source Files</Filter>
    </ClCompile>
    <ClCompile Include="src\parser\parser_factory.cpp">
      <Filter>Source Files</Filter>
    </ClCompile>
    <ClCompile Include="src\parser\placeholder_map_parser.cpp">
      <Filter>Source Files</Filter>
    </ClCompile>
    <ClCompile Include="src\parser\renesas_map_parser.cpp">
      <Filter>Source Files</Filter>
    </ClCompile>
    <ClCompile Include="src\parser\renesas_cc_rl_map_parser.cpp">
      <Filter>Source Files</Filter>
    </ClCompile>
    <ClCompile Include="src\parser\renesas_cc_rh_map_parser.cpp">
      <Filter>Source Files</Filter>
    </ClCompile>
    <ClCompile Include="src\ui\main_view.cpp">
      <Filter>Source Files</Filter>
    </ClCompile>
    <ClCompile Include="src\util\file_util.cpp">
      <Filter>Source Files</Filter>
    </ClCompile>
    <ClCompile Include="src\util\format_util.cpp">
      <Filter>Source Files</Filter>
    </ClCompile>
    <ClCompile Include="src\util\string_util.cpp">
      <Filter>Source Files</Filter>
    </ClCompile>
  </ItemGroup>
  <ItemGroup>
    <ClInclude Include="src\app.h">
      <Filter>Header Files</Filter>
    </ClInclude>
    <ClInclude Include="src\core\analysis_engine.h">
      <Filter>Header Files</Filter>
    </ClInclude>
    <ClInclude Include="src\config\app_config.h">
      <Filter>Header Files</Filter>
    </ClInclude>
    <ClInclude Include="src\detector\map_format_detector.h">
      <Filter>Header Files</Filter>
    </ClInclude>
    <ClInclude Include="src\parser\gcc_map_parser.h">
      <Filter>Header Files</Filter>
    </ClInclude>
    <ClInclude Include="src\core\compiler_family.h">
      <Filter>Header Files</Filter>
    </ClInclude>
    <ClInclude Include="src\generated\build_version.h">
      <Filter>Header Files</Filter>
    </ClInclude>
    <ClInclude Include="src\main_frame.h">
      <Filter>Header Files</Filter>
    </ClInclude>
    <ClInclude Include="src\model\analysis_types.h">
      <Filter>Header Files</Filter>
    </ClInclude>
    <ClInclude Include="src\model\map_format_types.h">
      <Filter>Header Files</Filter>
    </ClInclude>
    <ClInclude Include="src\parser\ghs_map_parser.h">
      <Filter>Header Files</Filter>
    </ClInclude>
    <ClInclude Include="src\parser\iar_map_parser.h">
      <Filter>Header Files</Filter>
    </ClInclude>
    <ClInclude Include="src\parser\i_map_parser.h">
      <Filter>Header Files</Filter>
    </ClInclude>
    <ClInclude Include="src\parser\keil_map_parser.h">
      <Filter>Header Files</Filter>
    </ClInclude>
    <ClInclude Include="src\parser\parser_factory.h">
      <Filter>Header Files</Filter>
    </ClInclude>
    <ClInclude Include="src\parser\placeholder_map_parser.h">
      <Filter>Header Files</Filter>
    </ClInclude>
    <ClInclude Include="src\parser\renesas_map_parser.h">
      <Filter>Header Files</Filter>
    </ClInclude>
    <ClInclude Include="src\parser\renesas_cc_rl_map_parser.h">
      <Filter>Header Files</Filter>
    </ClInclude>
    <ClInclude Include="src\parser\renesas_cc_rh_map_parser.h">
      <Filter>Header Files</Filter>
    </ClInclude>
    <ClInclude Include="src\resource.h">
      <Filter>Header Files</Filter>
    </ClInclude>
    <ClInclude Include="src\ui\main_view.h">
      <Filter>Header Files</Filter>
    </ClInclude>
    <ClInclude Include="src\util\file_util.h">
      <Filter>Header Files</Filter>
    </ClInclude>
    <ClInclude Include="src\util\format_util.h">
      <Filter>Header Files</Filter>
    </ClInclude>
    <ClInclude Include="src\util\string_util.h">
      <Filter>Header Files</Filter>
    </ClInclude>
  </ItemGroup>
  <ItemGroup>
    <ResourceCompile Include="src\SimpleStackHeapCalculator.rc">
      <Filter>Resource Files</Filter>
    </ResourceCompile>
  </ItemGroup>
  <ItemGroup>
    <None Include="scripts\build.ps1">
      <Filter>Scripts</Filter>
    </None>
    <None Include="scripts\build_release.bat">
      <Filter>Scripts</Filter>
    </None>
    <None Include="scripts\clean_build.bat">
      <Filter>Scripts</Filter>
    </None>
    <None Include="scripts\update_build_version.ps1">
      <Filter>Scripts</Filter>
    </None>
    <None Include="src\res\map.ico">
      <Filter>Resource Files</Filter>
    </None>
    <None Include="version.counter">
      <Filter>Scripts</Filter>
    </None>
  </ItemGroup>
</Project>
